
Microsoft Visual Studio Solution File, Format Version 12.00
# Visual Studio 2013
VisualStudioVersion = 12.0.30501.0
MinimumVisualStudioVersion = 10.0.40219.1
Project("{FAE04EC0-301F-11D3-BF4B-00C04F79EFBC}") = "Nancy.LongPoll", "Nancy.LongPoll\Nancy.LongPoll.csproj", "{0C2A950C-98D0-4615-BB38-1FB80729355B}"
EndProject
Project("{FAE04EC0-301F-11D3-BF4B-00C04F79EFBC}") = "Nancy.LongPoll.Example", "Nancy.LongPoll.Example\Nancy.LongPoll.Example.csproj", "{74934762-4D62-46BC-89EE-11D9B6737684}"
EndProject
Project("{FAE04EC0-301F-11D3-BF4B-00C04F79EFBC}") = "Nancy.LongPoll.Test", "Nancy.LongPoll.Test\Nancy.LongPoll.Test.csproj", "{F5D84255-C1E0-400C-AF3E-C7F40DBD5260}"
EndProject
Global
	GlobalSection(SolutionConfigurationPlatforms) = preSolution
		Debug|Any CPU = Debug|Any CPU
		Release|Any CPU = Release|Any CPU
	EndGlobalSection
	GlobalSection(ProjectConfigurationPlatforms) = postSolution
		{0C2A950C-98D0-4615-BB38-1FB80729355B}.Debug|Any CPU.ActiveCfg = Debug|Any CPU
		{0C2A950C-98D0-4615-BB38-1FB80729355B}.Debug|Any CPU.Build.0 = Debug|Any CPU
		{0C2A950C-98D0-4615-BB38-1FB80729355B}.Release|Any CPU.ActiveCfg = Release|Any CPU
		{0C2A950C-98D0-4615-BB38-1FB80729355B}.Release|Any CPU.Build.0 = Release|Any CPU
		{74934762-4D62-46BC-89EE-11D9B6737684}.Debug|Any CPU.ActiveCfg = Debug|Any CPU
		{74934762-4D62-46BC-89EE-11D9B6737684}.Debug|Any CPU.Build.0 = Debug|Any CPU
		{74934762-4D62-46BC-89EE-11D9B6737684}.Release|Any CPU.ActiveCfg = Release|Any CPU
		{74934762-4D62-46BC-89EE-11D9B6737684}.Release|Any CPU.Build.0 = Release|Any CPU
		{F5D84255-C1E0-400C-AF3E-C7F40DBD5260}.Debug|Any CPU.ActiveCfg = Debug|Any CPU
		{F5D84255-C1E0-400C-AF3E-C7F40DBD5260}.Debug|Any CPU.Build.0 = Debug|Any CPU
		{F5D84255-C1E0-400C-AF3E-C7F40DBD5260}.Release|Any CPU.ActiveCfg = Release|Any CPU
		{F5D84255-C1E0-400C-AF3E-C7F40DBD5260}.Release|Any CPU.Build.0 = Release|Any CPU
	EndGlobalSection
	GlobalSection(SolutionProperties) = preSolution
		HideSolutionNode = FALSE
	EndGlobalSection
EndGlobal
